// !$*UTF8*$!
{
	archiveVersion = 1;
	classes = {
	};
	objectVersion = 50;
	objects = {

/* Begin PBXBuildFile section */
		21D7401723775C4A50936B3D /* Pods_mblogging.framework in Frameworks */ = {isa = PBXBuildFile; fileRef = D1F3D81B4434D72D780E48A7 /* Pods_mblogging.framework */; };
		ACDA015F20C044DF00EB7F7C /* AppDelegate.swift in Sources */ = {isa = PBXBuildFile; fileRef = ACDA015E20C044DF00EB7F7C /* AppDelegate.swift */; };
		ACDA016120C044DF00EB7F7C /* ViewController.swift in Sources */ = {isa = PBXBuildFile; fileRef = ACDA016020C044DF00EB7F7C /* ViewController.swift */; };
		ACDA016420C044DF00EB7F7C /* Main.storyboard in Resources */ = {isa = PBXBuildFile; fileRef = ACDA016220C044DF00EB7F7C /* Main.storyboard */; };
		ACDA016620C044E400EB7F7C /* Assets.xcassets in Resources */ = {isa = PBXBuildFile; fileRef = ACDA016520C044E400EB7F7C /* Assets.xcassets */; };
		ACDA016920C044E400EB7F7C /* LaunchScreen.storyboard in Resources */ = {isa = PBXBuildFile; fileRef = ACDA016720C044E400EB7F7C /* LaunchScreen.storyboard */; };
/* End PBXBuildFile section */

/* Begin PBXFileReference section */
		663430D7FBD39524102CF972 /* Pods-mblogging.debug.xcconfig */ = {isa = PBXFileReference; includeInIndex = 1; lastKnownFileType = text.xcconfig; name = "Pods-mblogging.debug.xcconfig"; path = "Pods/Target Support Files/Pods-mblogging/Pods-mblogging.debug.xcconfig"; sourceTree = "<group>"; };
		81DC4E8A1A1241ED19A70C82 /* Pods-mblogging.release.xcconfig */ = {isa = PBXFileReference; includeInIndex = 1; lastKnownFileType = text.xcconfig; name = "Pods-mblogging.release.xcconfig"; path = "Pods/Target Support Files/Pods-mblogging/Pods-mblogging.release.xcconfig"; sourceTree = "<group>"; };
		ACDA015B20C044DF00EB7F7C /* mblogging.app */ = {isa = PBXFileReference; explicitFileType = wrapper.application; includeInIndex = 0; path = mblogging.app; sourceTree = BUILT_PRODUCTS_DIR; };
		ACDA015E20C044DF00EB7F7C /* AppDelegate.swift */ = {isa = PBXFileReference; lastKnownFileType = sourcecode.swift; path = AppDelegate.swift; sourceTree = "<group>"; };
		ACDA016020C044DF00EB7F7C /* ViewController.swift */ = {isa = PBXFileReference; lastKnownFileType = sourcecode.swift; path = ViewController.swift; sourceTree = "<group>"; };
		ACDA016320C044DF00EB7F7C /* Base */ = {isa = PBXFileReference; lastKnownFileType = file.storyboard; name = Base; path = Base.lproj/Main.storyboard; sourceTree = "<group>"; };
		ACDA016520C044E400EB7F7C /* Assets.xcassets */ = {isa = PBXFileReference; lastKnownFileType = folder.assetcatalog; path = Assets.xcassets; sourceTree = "<group>"; };
		ACDA016820C044E400EB7F7C /* Base */ = {isa = PBXFileReference; lastKnownFileType = file.storyboard; name = Base; path = Base.lproj/LaunchScreen.storyboard; sourceTree = "<group>"; };
		ACDA016A20C044E400EB7F7C /* Info.plist */ = {isa = PBXFileReference; lastKnownFileType = text.plist.xml; path = Info.plist; sourceTree = "<group>"; };
		D1F3D81B4434D72D780E48A7 /* Pods_mblogging.framework */ = {isa = PBXFileReference; explicitFileType = wrapper.framework; includeInIndex = 0; path = Pods_mblogging.framework; sourceTree = BUILT_PRODUCTS_DIR; };
/* End PBXFileReference section */

/* Begin PBXFrameworksBuildPhase section */
		ACDA015820C044DF00EB7F7C /* Frameworks */ = {
			isa = PBXFrameworksBuildPhase;
			buildActionMask = 2147483647;
			files = (
				21D7401723775C4A50936B3D /* Pods_mblogging.framework in Frameworks */,
			);
			runOnlyForDeploymentPostprocessing = 0;
		};
/* End PBXFrameworksBuildPhase section */

/* Begin PBXGroup section */
		4818732593A68201EBC944D6 /* Frameworks */ = {
			isa = PBXGroup;
			children = (
				D1F3D81B4434D72D780E48A7 /* Pods_mblogging.framework */,
			);
			name = Frameworks;
			sourceTree = "<group>";
		};
		837D00011ED30AB658BECCDB /* Pods */ = {
			isa = PBXGroup;
			children = (
				663430D7FBD39524102CF972 /* Pods-mblogging.debug.xcconfig */,
				81DC4E8A1A1241ED19A70C82 /* Pods-mblogging.release.xcconfig */,
			);
			name = Pods;
			sourceTree = "<group>";
		};
		ACDA015220C044DF00EB7F7C = {
			isa = PBXGroup;
			children = (
				ACDA015D20C044DF00EB7F7C /* mblogging */,
				ACDA015C20C044DF00EB7F7C /* Products */,
				837D00011ED30AB658BECCDB /* Pods */,
				4818732593A68201EBC944D6 /* Frameworks */,
			);
			sourceTree = "<group>";
		};
		ACDA015C20C044DF00EB7F7C /* Products */ = {
			isa = PBXGroup;
			children = (
				ACDA015B20C044DF00EB7F7C /* mblogging.app */,
			);
			name = Products;
			sourceTree = "<group>";
		};
		ACDA015D20C044DF00EB7F7C /* mblogging */ = {
			isa = PBXGroup;
			children = (
				ACDA015E20C044DF00EB7F7C /* AppDelegate.swift */,
				ACDA016020C044DF00EB7F7C /* ViewController.swift */,
				ACDA016220C044DF00EB7F7C /* Main.storyboard */,
				ACDA016520C044E400EB7F7C /* Assets.xcassets */,
				ACDA016720C044E400EB7F7C /* LaunchScreen.storyboard */,
				ACDA016A20C044E400EB7F7C /* Info.plist */,
			);
			path = mblogging;
			sourceTree = "<group>";
		};
/* End PBXGroup section */

/* Begin PBXNativeTarget section */
		ACDA015A20C044DF00EB7F7C /* mblogging */ = {
			isa = PBXNativeTarget;
			buildConfigurationList = ACDA016D20C044E400EB7F7C /* Build configuration list for PBXNativeTarget "mblogging" */;
			buildPhases = (
				00760176F3CBAE93E48452FB /* [CP] Check Pods Manifest.lock */,
				ACDA015720C044DF00EB7F7C /* Sources */,
				ACDA015820C044DF00EB7F7C /* Frameworks */,
				ACDA015920C044DF00EB7F7C /* Resources */,
				C594A66070B307F7F96E9B5A /* [CP] Embed Pods Frameworks */,
			);
			buildRules = (
			);
			dependencies = (
			);
			name = mblogging;
			productName = mblogging;
			productReference = ACDA015B20C044DF00EB7F7C /* mblogging.app */;
			productType = "com.apple.product-type.application";
		};
/* End PBXNativeTarget section */

/* Begin PBXProject section */
		ACDA015320C044DF00EB7F7C /* Project object */ = {
			isa = PBXProject;
			attributes = {
				LastSwiftUpdateCheck = 0940;
				LastUpgradeCheck = 0940;
				ORGANIZATIONNAME = AHN;
				TargetAttributes = {
					ACDA015A20C044DF00EB7F7C = {
						CreatedOnToolsVersion = 9.4;
					};
				};
			};
			buildConfigurationList = ACDA015620C044DF00EB7F7C /* Build configuration list for PBXProject "mblogging" */;
			compatibilityVersion = "Xcode 9.3";
			developmentRegion = en;
			hasScannedForEncodings = 0;
			knownRegions = (
				en,
				Base,
			);
			mainGroup = ACDA015220C044DF00EB7F7C;
			productRefGroup = ACDA015C20C044DF00EB7F7C /* Products */;
			projectDirPath = "";
			projectRoot = "";
			targets = (
				ACDA015A20C044DF00EB7F7C /* mblogging */,
			);
		};
/* End PBXProject section */

/* Begin PBXResourcesBuildPhase section */
		ACDA015920C044DF00EB7F7C /* Resources */ = {
			isa = PBXResourcesBuildPhase;
			buildActionMask = 2147483647;
			files = (
				ACDA016920C044E400EB7F7C /* LaunchScreen.storyboard in Resources */,
				ACDA016620C044E400EB7F7C /* Assets.xcassets in Resources */,
				ACDA016420C044DF00EB7F7C /* Main.storyboard in Resources */,
			);
			runOnlyForDeploymentPostprocessing = 0;
		};
/* End PBXResourcesBuildPhase section */

/* Begin PBXShellScriptBuildPhase section */
		00760176F3CBAE93E48452FB /* [CP] Check Pods Manifest.lock */ = {
			isa = PBXShellScriptBuildPhase;
			buildActionMask = 2147483647;
			files = (
			);
			inputPaths = (
				"${PODS_PODFILE_DIR_PATH}/Podfile.lock",
				"${PODS_ROOT}/Manifest.lock",
			);
			name = "[CP] Check Pods Manifest.lock";
			outputPaths = (
				"$(DERIVED_FILE_DIR)/Pods-mblogging-checkManifestLockResult.txt",
			);
			runOnlyForDeploymentPostprocessing = 0;
			shellPath = /bin/sh;
			shellScript = "diff \"${PODS_PODFILE_DIR_PATH}/Podfile.lock\" \"${PODS_ROOT}/Manifest.lock\" > /dev/null\nif [ $? != 0 ] ; then\n    # print error to STDERR\n    echo \"error: The sandbox is not in sync with the Podfile.lock. Run 'pod install' or update your CocoaPods installation.\" >&2\n    exit 1\nfi\n# This output is used by Xcode 'outputs' to avoid re-running this script phase.\necho \"SUCCESS\" > \"${SCRIPT_OUTPUT_FILE_0}\"\n";
			showEnvVarsInLog = 0;
		};
		C594A66070B307F7F96E9B5A /* [CP] Embed Pods Frameworks */ = {
			isa = PBXShellScriptBuildPhase;
			buildActionMask = 2147483647;
			files = (
			);
			inputPaths = (
				"${SRCROOT}/Pods/Target Support Files/Pods-mblogging/Pods-mblogging-frameworks.sh",
				"${BUILT_PRODUCTS_DIR}/Bolts-Swift/BoltsSwift.framework",
				"${BUILT_PRODUCTS_DIR}/MetaWear/MetaWear.framework",
			);
			name = "[CP] Embed Pods Frameworks";
			outputPaths = (
				"${TARGET_BUILD_DIR}/${FRAMEWORKS_FOLDER_PATH}/BoltsSwift.framework",
				"${TARGET_BUILD_DIR}/${FRAMEWORKS_FOLDER_PATH}/MetaWear.framework",
			);
			runOnlyForDeploymentPostprocessing = 0;
			shellPath = /bin/sh;
			shellScript = "\"${SRCROOT}/Pods/Target Support Files/Pods-mblogging/Pods-mblogging-frameworks.sh\"\n";
			showEnvVarsInLog = 0;
		};
/* End PBXShellScriptBuildPhase section */

/* Begin PBXSourcesBuildPhase section */
		ACDA015720C044DF00EB7F7C /* Sources */ = {
			isa = PBXSourcesBuildPhase;
			buildActionMask = 2147483647;
			files = (
				ACDA016120C044DF00EB7F7C /* ViewController.swift in Sources */,
				ACDA015F20C044DF00EB7F7C /* AppDelegate.swift in Sources */,
			);
			runOnlyForDeploymentPostprocessing = 0;
		};
/* End PBXSourcesBuildPhase section */

/* Begin PBXVariantGroup section */
		ACDA016220C044DF00EB7F7C /* Main.storyboard */ = {
			isa = PBXVariantGroup;
			children = (
				ACDA016320C044DF00EB7F7C /* Base */,
			);
			name = Main.storyboard;
			sourceTree = "<group>";
		};
		ACDA016720C044E400EB7F7C /* LaunchScreen.storyboard */ = {
			isa = PBXVariantGroup;
			children = (
				ACDA016820C044E400EB7F7C /* Base */,
			);
			name = LaunchScreen.storyboard;
			sourceTree = "<group>";
		};
/* End PBXVariantGroup section */

/* Begin XCBuildConfiguration section */
		ACDA016B20C044E400EB7F7C /* Debug */ = {
			isa = XCBuildConfiguration;
			buildSettings = {
				ALWAYS_SEARCH_USER_PATHS = NO;
				CLANG_ANALYZER_NONNULL = YES;
				CLANG_ANALYZER_NUMBER_OBJECT_CONVERSION = YES_AGGRESSIVE;
				CLANG_CXX_LANGUAGE_STANDARD = "gnu++14";
				CLANG_CXX_LIBRARY = "libc++";
				CLANG_ENABLE_MODULES = YES;
				CLANG_ENABLE_OBJC_ARC = YES;
				CLANG_ENABLE_OBJC_WEAK = YES;
				CLANG_WARN_BLOCK_CAPTURE_AUTORELEASING = YES;
				CLANG_WARN_BOOL_CONVERSION = YES;
				CLANG_WARN_COMMA = YES;
				CLANG_WARN_CONSTANT_CONVERSION = YES;
				CLANG_WARN_DEPRECATED_OBJC_IMPLEMENTATIONS = YES;
				CLANG_WARN_DIRECT_OBJC_ISA_USAGE = YES_ERROR;
				CLANG_WARN_DOCUMENTATION_COMMENTS = YES;
				CLANG_WARN_EMPTY_BODY = YES;
				CLANG_WARN_ENUM_CONVERSION = YES;
				CLANG_WARN_INFINITE_RECURSION = YES;
				CLANG_WARN_INT_CONVERSION = YES;
				CLANG_WARN_NON_LITERAL_NULL_CONVERSION = YES;
				CLANG_WARN_OBJC_IMPLICIT_RETAIN_SELF = YES;
				CLANG_WARN_OBJC_LITERAL_CONVERSION = YES;
				CLANG_WARN_OBJC_ROOT_CLASS = YES_ERROR;
				CLANG_WARN_RANGE_LOOP_ANALYSIS = YES;
				CLANG_WARN_STRICT_PROTOTYPES = YES;
				CLANG_WARN_SUSPICIOUS_MOVE = YES;
				CLANG_WARN_UNGUARDED_AVAILABILITY = YES_AGGRESSIVE;
				CLANG_WARN_UNREACHABLE_CODE = YES;
				CLANG_WARN__DUPLICATE_METHOD_MATCH = YES;
				CODE_SIGN_IDENTITY = "iPhone Developer";
				COPY_PHASE_STRIP = NO;
				DEBUG_INFORMATION_FORMAT = dwarf;
				ENABLE_STRICT_OBJC_MSGSEND = YES;
				ENABLE_TESTABILITY = YES;
				GCC_C_LANGUAGE_STANDARD = gnu11;
				GCC_DYNAMIC_NO_PIC = NO;
				GCC_NO_COMMON_BLOCKS = YES;
				GCC_OPTIMIZATION_LEVEL = 0;
				GCC_PREPROCESSOR_DEFINITIONS = (
					"DEBUG=1",
					"$(inherited)",
				);
				GCC_WARN_64_TO_32_BIT_CONVERSION = YES;
				GCC_WARN_ABOUT_RETURN_TYPE = YES_ERROR;
				GCC_WARN_UNDECLARED_SELECTOR = YES;
				GCC_WARN_UNINITIALIZED_AUTOS = YES_AGGRESSIVE;
				GCC_WARN_UNUSED_FUNCTION = YES;
				GCC_WARN_UNUSED_VARIABLE = YES;
				IPHONEOS_DEPLOYMENT_TARGET = 11.3;
				MTL_ENABLE_DEBUG_INFO = YES;
				ONLY_ACTIVE_ARCH = YES;
				SDKROOT = iphoneos;
				SWIFT_ACTIVE_COMPILATION_CONDITIONS = DEBUG;
				SWIFT_OPTIMIZATION_LEVEL = "-Onone";
			};
			name = Debug;
		};
		ACDA016C20C044E400EB7F7C /* Release */ = {
			isa = XCBuildConfiguration;
			buildSettings = {
				ALWAYS_SEARCH_USER_PATHS = NO;
				CLANG_ANALYZER_NONNULL = YES;
				CLANG_ANALYZER_NUMBER_OBJECT_CONVERSION = YES_AGGRESSIVE;
				CLANG_CXX_LANGUAGE_STANDARD = "gnu++14";
				CLANG_CXX_LIBRARY = "libc++";
				CLANG_ENABLE_MODULES = YES;
				CLANG_ENABLE_OBJC_ARC = YES;
				CLANG_ENABLE_OBJC_WEAK = YES;
				CLANG_WARN_BLOCK_CAPTURE_AUTORELEASING = YES;
				CLANG_WARN_BOOL_CONVERSION = YES;
				CLANG_WARN_COMMA = YES;
				CLANG_WARN_CONSTANT_CONVERSION = YES;
				CLANG_WARN_DEPRECATED_OBJC_IMPLEMENTATIONS = YES;
				CLANG_WARN_DIRECT_OBJC_ISA_USAGE = YES_ERROR;
				CLANG_WARN_DOCUMENTATION_COMMENTS = YES;
				CLANG_WARN_EMPTY_BODY = YES;
				CLANG_WARN_ENUM_CONVERSION = YES;
				CLANG_WARN_INFINITE_RECURSION = YES;
				CLANG_WARN_INT_CONVERSION = YES;
				CLANG_WARN_NON_LITERAL_NULL_CONVERSION = YES;
				CLANG_WARN_OBJC_IMPLICIT_RETAIN_SELF = YES;
				CLANG_WARN_OBJC_LITERAL_CONVERSION = YES;
				CLANG_WARN_OBJC_ROOT_CLASS = YES_ERROR;
				CLANG_WARN_RANGE_LOOP_ANALYSIS = YES;
				CLANG_WARN_STRICT_PROTOTYPES = YES;
				CLANG_WARN_SUSPICIOUS_MOVE = YES;
				CLANG_WARN_UNGUARDED_AVAILABILITY = YES_AGGRESSIVE;
				CLANG_WARN_UNREACHABLE_CODE = YES;
				CLANG_WARN__DUPLICATE_METHOD_MATCH = YES;
				CODE_SIGN_IDENTITY = "iPhone Developer";
				COPY_PHASE_STRIP = NO;
				DEBUG_INFORMATION_FORMAT = "dwarf-with-dsym";
				ENABLE_NS_ASSERTIONS = NO;
				ENABLE_STRICT_OBJC_MSGSEND = YES;
				GCC_C_LANGUAGE_STANDARD = gnu11;
				GCC_NO_COMMON_BLOCKS = YES;
				GCC_WARN_64_TO_32_BIT_CONVERSION = YES;
				GCC_WARN_ABOUT_RETURN_TYPE = YES_ERROR;
				GCC_WARN_UNDECLARED_SELECTOR = YES;
				GCC_WARN_UNINITIALIZED_AUTOS = YES_AGGRESSIVE;
				GCC_WARN_UNUSED_FUNCTION = YES;
				GCC_WARN_UNUSED_VARIABLE = YES;
				IPHONEOS_DEPLOYMENT_TARGET = 11.3;
				MTL_ENABLE_DEBUG_INFO = NO;
				SDKROOT = iphoneos;
				SWIFT_COMPILATION_MODE = wholemodule;
				SWIFT_OPTIMIZATION_LEVEL = "-O";
				VALIDATE_PRODUCT = YES;
			};
			name = Release;
		};
		ACDA016E20C044E400EB7F7C /* Debug */ = {
			isa = XCBuildConfiguration;
			baseConfigurationReference = 663430D7FBD39524102CF972 /* Pods-mblogging.debug.xcconfig */;
			buildSettings = {
				ASSETCATALOG_COMPILER_APPICON_NAME = AppIcon;
				CODE_SIGN_STYLE = Automatic;
				DEVELOPMENT_TEAM = J26TJ8F6WP;
				INFOPLIST_FILE = mblogging/Info.plist;
				IPHONEOS_DEPLOYMENT_TARGET = 11.3;
				LD_RUNPATH_SEARCH_PATHS = (
					"$(inherited)",
					"@executable_path/Frameworks",
				);
				PRODUCT_BUNDLE_IDENTIFIER = com.ahn.mblogging;
				PRODUCT_NAME = "$(TARGET_NAME)";
				SWIFT_VERSION = 4.0;
				TARGETED_DEVICE_FAMILY = "1,2";
			};
			name = Debug;
		};
		ACDA016F20C044E400EB7F7C /* Release */ = {
			isa = XCBuildConfiguration;
			baseConfigurationReference = 81DC4E8A1A1241ED19A70C82 /* Pods-mblogging.release.xcconfig */;
			buildSettings = {
				ASSETCATALOG_COMPILER_APPICON_NAME = AppIcon;
				CODE_SIGN_STYLE = Automatic;
				DEVELOPMENT_TEAM = J26TJ8F6WP;
				INFOPLIST_FILE = mblogging/Info.plist;
				IPHONEOS_DEPLOYMENT_TARGET = 11.3;
				LD_RUNPATH_SEARCH_PATHS = (
					"$(inherited)",
					"@executable_path/Frameworks",
				);
				PRODUCT_BUNDLE_IDENTIFIER = com.ahn.mblogging;
				PRODUCT_NAME = "$(TARGET_NAME)";
				SWIFT_VERSION = 4.0;
				TARGETED_DEVICE_FAMILY = "1,2";
			};
			name = Release;
		};
/* End XCBuildConfiguration section */

/* Begin XCConfigurationList section */
		ACDA015620C044DF00EB7F7C /* Build configuration list for PBXProject "mblogging" */ = {
			isa = XCConfigurationList;
			buildConfigurations = (
				ACDA016B20C044E400EB7F7C /* Debug */,
				ACDA016C20C044E400EB7F7C /* Release */,
			);
			defaultConfigurationIsVisible = 0;
			defaultConfigurationName = Release;
		};
		ACDA016D20C044E400EB7F7C /* Build configuration list for PBXNativeTarget "mblogging" */ = {
			isa = XCConfigurationList;
			buildConfigurations = (
				ACDA016E20C044E400EB7F7C /* Debug */,
				ACDA016F20C044E400EB7F7C /* Release */,
			);
			defaultConfigurationIsVisible = 0;
			defaultConfigurationName = Release;
		};
/* End XCConfigurationList section */
	};
	rootObject = ACDA015320C044DF00EB7F7C /* Project object */;
}
